
Microsoft Visual Studio Solution File, Format Version 12.00
# Visual Studio Version 17
VisualStudioVersion = 17.9.34728.123
MinimumVisualStudioVersion = 10.0.40219.1
Project("{FAE04EC0-301F-11D3-BF4B-00C04F79EFBC}") = "PROG7312 POE", "PROG7312 POE.csproj", "{F5A1F3EB-1A95-4017-8C74-9553F4B9027C}"
EndProject
Global
	GlobalSection(SolutionConfigurationPlatforms) = preSolution
		Debug|Any CPU = Debug|Any CPU
		Release|Any CPU = Release|Any CPU
	EndGlobalSection
	GlobalSection(ProjectConfigurationPlatforms) = postSolution
		{F5A1F3EB-1A95-4017-8C74-9553F4B9027C}.Debug|Any CPU.ActiveCfg = Debug|Any CPU
		{F5A1F3EB-1A95-4017-8C74-9553F4B9027C}.Debug|Any CPU.Build.0 = Debug|Any CPU
		{F5A1F3EB-1A95-4017-8C74-9553F4B9027C}.Release|Any CPU.ActiveCfg = Release|Any CPU
		{F5A1F3EB-1A95-4017-8C74-9553F4B9027C}.Release|Any CPU.Build.0 = Release|Any CPU
	EndGlobalSection
	GlobalSection(SolutionProperties) = preSolution
		HideSolutionNode = FALSE
	EndGlobalSection
	GlobalSection(ExtensibilityGlobals) = postSolution
		SolutionGuid = {0AA74968-397D-44E1-B7E8-5FF680F629DB}
	EndGlobalSection
EndGlobal
